
Microsoft Visual Studio Solution File, Format Version 12.00
# Visual Studio 15
VisualStudioVersion = 15.0.28010.2041
MinimumVisualStudioVersion = 10.0.40219.1
Project("{2150E333-8FDC-42A3-9474-1A3956D46DE8}") = "DataAccessLayer", "DataAccessLayer", "{BF5FCDCC-6F25-4D26-8379-FA05C3C752B5}"
EndProject
Project("{2150E333-8FDC-42A3-9474-1A3956D46DE8}") = "BusinessLogicLayer", "BusinessLogicLayer", "{03FBCDE7-9F2A-4C73-8283-0A37AA14BEBA}"
EndProject
Project("{FAE04EC0-301F-11D3-BF4B-00C04F79EFBC}") = "LibraryCRM.DataContext", "LibraryCRM.DataContext\LibraryCRM.DataContext.csproj", "{43C7CF54-1EA5-4D8C-BF6B-23C4E6F4B5C6}"
EndProject
Project("{FAE04EC0-301F-11D3-BF4B-00C04F79EFBC}") = "LibraryCRM.API", "LibraryCRM.API\LibraryCRM.API.csproj", "{047B7EC8-FCBC-4B2F-ADEC-F0D3D535D6D5}"
EndProject
Project("{FAE04EC0-301F-11D3-BF4B-00C04F79EFBC}") = "LibraryCRM.API.Tests", "LibraryCRM.API.Tests\LibraryCRM.API.Tests.csproj", "{997E3E94-0E2B-4D40-B25A-A5E0B067EF20}"
EndProject
Project("{2150E333-8FDC-42A3-9474-1A3956D46DE8}") = "PresentationLayer", "PresentationLayer", "{65617963-4735-4667-9534-3D3173A93511}"
EndProject
Project("{FAE04EC0-301F-11D3-BF4B-00C04F79EFBC}") = "LibraryCRM.Repository", "LibraryCRM.Repository\LibraryCRM.Repository.csproj", "{9E1C68D3-05A0-4785-A234-1CEE86BA69AE}"
EndProject
Project("{2150E333-8FDC-42A3-9474-1A3956D46DE8}") = "Tests", "Tests", "{CD4F670A-B693-4CCF-8A57-C94A64A77999}"
EndProject
Project("{FAE04EC0-301F-11D3-BF4B-00C04F79EFBC}") = "LibraryCRM.Service", "LibraryCRM.Service\LibraryCRM.Service.csproj", "{CCF0EE8C-05A1-4D45-84EE-34E44CF242DE}"
EndProject
Project("{FAE04EC0-301F-11D3-BF4B-00C04F79EFBC}") = "LibraryCRM.CoreWeb", "LibraryCRM.CoreWeb\LibraryCRM.CoreWeb.csproj", "{3A7D624C-C0D3-448E-BE55-2B6244EAD84E}"
EndProject
Global
	GlobalSection(SolutionConfigurationPlatforms) = preSolution
		Debug|Any CPU = Debug|Any CPU
		Release|Any CPU = Release|Any CPU
	EndGlobalSection
	GlobalSection(ProjectConfigurationPlatforms) = postSolution
		{43C7CF54-1EA5-4D8C-BF6B-23C4E6F4B5C6}.Debug|Any CPU.ActiveCfg = Debug|Any CPU
		{43C7CF54-1EA5-4D8C-BF6B-23C4E6F4B5C6}.Debug|Any CPU.Build.0 = Debug|Any CPU
		{43C7CF54-1EA5-4D8C-BF6B-23C4E6F4B5C6}.Release|Any CPU.ActiveCfg = Release|Any CPU
		{43C7CF54-1EA5-4D8C-BF6B-23C4E6F4B5C6}.Release|Any CPU.Build.0 = Release|Any CPU
		{047B7EC8-FCBC-4B2F-ADEC-F0D3D535D6D5}.Debug|Any CPU.ActiveCfg = Debug|Any CPU
		{047B7EC8-FCBC-4B2F-ADEC-F0D3D535D6D5}.Debug|Any CPU.Build.0 = Debug|Any CPU
		{047B7EC8-FCBC-4B2F-ADEC-F0D3D535D6D5}.Release|Any CPU.ActiveCfg = Release|Any CPU
		{047B7EC8-FCBC-4B2F-ADEC-F0D3D535D6D5}.Release|Any CPU.Build.0 = Release|Any CPU
		{997E3E94-0E2B-4D40-B25A-A5E0B067EF20}.Debug|Any CPU.ActiveCfg = Debug|Any CPU
		{997E3E94-0E2B-4D40-B25A-A5E0B067EF20}.Debug|Any CPU.Build.0 = Debug|Any CPU
		{997E3E94-0E2B-4D40-B25A-A5E0B067EF20}.Release|Any CPU.ActiveCfg = Release|Any CPU
		{997E3E94-0E2B-4D40-B25A-A5E0B067EF20}.Release|Any CPU.Build.0 = Release|Any CPU
		{9E1C68D3-05A0-4785-A234-1CEE86BA69AE}.Debug|Any CPU.ActiveCfg = Debug|Any CPU
		{9E1C68D3-05A0-4785-A234-1CEE86BA69AE}.Debug|Any CPU.Build.0 = Debug|Any CPU
		{9E1C68D3-05A0-4785-A234-1CEE86BA69AE}.Release|Any CPU.ActiveCfg = Release|Any CPU
		{9E1C68D3-05A0-4785-A234-1CEE86BA69AE}.Release|Any CPU.Build.0 = Release|Any CPU
		{CCF0EE8C-05A1-4D45-84EE-34E44CF242DE}.Debug|Any CPU.ActiveCfg = Debug|Any CPU
		{CCF0EE8C-05A1-4D45-84EE-34E44CF242DE}.Debug|Any CPU.Build.0 = Debug|Any CPU
		{CCF0EE8C-05A1-4D45-84EE-34E44CF242DE}.Release|Any CPU.ActiveCfg = Release|Any CPU
		{CCF0EE8C-05A1-4D45-84EE-34E44CF242DE}.Release|Any CPU.Build.0 = Release|Any CPU
		{3A7D624C-C0D3-448E-BE55-2B6244EAD84E}.Debug|Any CPU.ActiveCfg = Debug|Any CPU
		{3A7D624C-C0D3-448E-BE55-2B6244EAD84E}.Debug|Any CPU.Build.0 = Debug|Any CPU
		{3A7D624C-C0D3-448E-BE55-2B6244EAD84E}.Release|Any CPU.ActiveCfg = Release|Any CPU
		{3A7D624C-C0D3-448E-BE55-2B6244EAD84E}.Release|Any CPU.Build.0 = Release|Any CPU
	EndGlobalSection
	GlobalSection(SolutionProperties) = preSolution
		HideSolutionNode = FALSE
	EndGlobalSection
	GlobalSection(NestedProjects) = preSolution
		{43C7CF54-1EA5-4D8C-BF6B-23C4E6F4B5C6} = {BF5FCDCC-6F25-4D26-8379-FA05C3C752B5}
		{047B7EC8-FCBC-4B2F-ADEC-F0D3D535D6D5} = {03FBCDE7-9F2A-4C73-8283-0A37AA14BEBA}
		{997E3E94-0E2B-4D40-B25A-A5E0B067EF20} = {CD4F670A-B693-4CCF-8A57-C94A64A77999}
		{9E1C68D3-05A0-4785-A234-1CEE86BA69AE} = {BF5FCDCC-6F25-4D26-8379-FA05C3C752B5}
		{CCF0EE8C-05A1-4D45-84EE-34E44CF242DE} = {03FBCDE7-9F2A-4C73-8283-0A37AA14BEBA}
		{3A7D624C-C0D3-448E-BE55-2B6244EAD84E} = {65617963-4735-4667-9534-3D3173A93511}
	EndGlobalSection
	GlobalSection(ExtensibilityGlobals) = postSolution
		SolutionGuid = {F8363BED-E620-4FBD-BA73-69E9EA74BE50}
	EndGlobalSection
EndGlobal
