
Microsoft Visual Studio Solution File, Format Version 12.00
# Visual Studio 15
VisualStudioVersion = 15.0.28010.2041
MinimumVisualStudioVersion = 10.0.40219.1
Project("{2150E333-8FDC-42A3-9474-1A3956D46DE8}") = "DataAccessLayer", "DataAccessLayer", "{BF5FCDCC-6F25-4D26-8379-FA05C3C752B5}"
EndProject
Project("{FAE04EC0-301F-11D3-BF4B-00C04F79EFBC}") = "LibraryCRM.Data", "LibraryCRM.Data\LibraryCRM.Data.csproj", "{0630EC5B-2622-45D4-9E46-4C35A48C2622}"
EndProject
Global
	GlobalSection(SolutionConfigurationPlatforms) = preSolution
		Debug|Any CPU = Debug|Any CPU
		Release|Any CPU = Release|Any CPU
	EndGlobalSection
	GlobalSection(ProjectConfigurationPlatforms) = postSolution
		{0630EC5B-2622-45D4-9E46-4C35A48C2622}.Debug|Any CPU.ActiveCfg = Debug|Any CPU
		{0630EC5B-2622-45D4-9E46-4C35A48C2622}.Debug|Any CPU.Build.0 = Debug|Any CPU
		{0630EC5B-2622-45D4-9E46-4C35A48C2622}.Release|Any CPU.ActiveCfg = Release|Any CPU
		{0630EC5B-2622-45D4-9E46-4C35A48C2622}.Release|Any CPU.Build.0 = Release|Any CPU
	EndGlobalSection
	GlobalSection(SolutionProperties) = preSolution
		HideSolutionNode = FALSE
	EndGlobalSection
	GlobalSection(NestedProjects) = preSolution
		{0630EC5B-2622-45D4-9E46-4C35A48C2622} = {BF5FCDCC-6F25-4D26-8379-FA05C3C752B5}
	EndGlobalSection
	GlobalSection(ExtensibilityGlobals) = postSolution
		SolutionGuid = {F8363BED-E620-4FBD-BA73-69E9EA74BE50}
	EndGlobalSection
EndGlobal
